
Microsoft Visual Studio Solution File, Format Version 12.00
# Visual Studio Version 17
VisualStudioVersion = 17.0.31903.59
MinimumVisualStudioVersion = 10.0.40219.1
Project("{2150E333-8FDC-42A3-9474-1A3956D46DE8}") = "src", "src", "{40F39DF1-F3A1-4360-92AC-62D77C3D13E4}"
EndProject
Project("{FAE04EC0-301F-11D3-BF4B-00C04F79EFBC}") = "Pluralsight.UnitTestDemo.Api", "src\Pluralsight.UnitTestDemo.Api\Pluralsight.UnitTestDemo.Api.csproj", "{5205444C-2513-408E-8140-FB5ADE055DB0}"
EndProject
Project("{FAE04EC0-301F-11D3-BF4B-00C04F79EFBC}") = "Pluralsight.UnitTestDemo.WebUi", "src\Pluralsight.UnitTestDemo.WebUi\Pluralsight.UnitTestDemo.WebUi.csproj", "{7CFA0843-9DDD-4137-BB4A-A7DCDC390172}"
EndProject
Project("{2150E333-8FDC-42A3-9474-1A3956D46DE8}") = "test", "test", "{9977245D-95BE-43A7-B743-88733EF51F51}"
EndProject
Project("{FAE04EC0-301F-11D3-BF4B-00C04F79EFBC}") = "Pluralsight.UnitTestDemo.Tests", "test\Pluralsight.UnitTestDemo.Tests\Pluralsight.UnitTestDemo.Tests.csproj", "{EE73A4F5-2CFA-4CDA-934B-25595ABF604E}"
EndProject
Global
	GlobalSection(SolutionConfigurationPlatforms) = preSolution
		Debug|Any CPU = Debug|Any CPU
		Release|Any CPU = Release|Any CPU
	EndGlobalSection
	GlobalSection(SolutionProperties) = preSolution
		HideSolutionNode = FALSE
	EndGlobalSection
	GlobalSection(ProjectConfigurationPlatforms) = postSolution
		{5205444C-2513-408E-8140-FB5ADE055DB0}.Debug|Any CPU.ActiveCfg = Debug|Any CPU
		{5205444C-2513-408E-8140-FB5ADE055DB0}.Debug|Any CPU.Build.0 = Debug|Any CPU
		{5205444C-2513-408E-8140-FB5ADE055DB0}.Release|Any CPU.ActiveCfg = Release|Any CPU
		{5205444C-2513-408E-8140-FB5ADE055DB0}.Release|Any CPU.Build.0 = Release|Any CPU
		{7CFA0843-9DDD-4137-BB4A-A7DCDC390172}.Debug|Any CPU.ActiveCfg = Debug|Any CPU
		{7CFA0843-9DDD-4137-BB4A-A7DCDC390172}.Debug|Any CPU.Build.0 = Debug|Any CPU
		{7CFA0843-9DDD-4137-BB4A-A7DCDC390172}.Release|Any CPU.ActiveCfg = Release|Any CPU
		{7CFA0843-9DDD-4137-BB4A-A7DCDC390172}.Release|Any CPU.Build.0 = Release|Any CPU
		{EE73A4F5-2CFA-4CDA-934B-25595ABF604E}.Debug|Any CPU.ActiveCfg = Debug|Any CPU
		{EE73A4F5-2CFA-4CDA-934B-25595ABF604E}.Debug|Any CPU.Build.0 = Debug|Any CPU
		{EE73A4F5-2CFA-4CDA-934B-25595ABF604E}.Release|Any CPU.ActiveCfg = Release|Any CPU
		{EE73A4F5-2CFA-4CDA-934B-25595ABF604E}.Release|Any CPU.Build.0 = Release|Any CPU
	EndGlobalSection
	GlobalSection(NestedProjects) = preSolution
		{5205444C-2513-408E-8140-FB5ADE055DB0} = {40F39DF1-F3A1-4360-92AC-62D77C3D13E4}
		{7CFA0843-9DDD-4137-BB4A-A7DCDC390172} = {40F39DF1-F3A1-4360-92AC-62D77C3D13E4}
		{EE73A4F5-2CFA-4CDA-934B-25595ABF604E} = {9977245D-95BE-43A7-B743-88733EF51F51}
	EndGlobalSection
EndGlobal
